
Microsoft Visual Studio Solution File, Format Version 12.00
# Visual Studio Version 16
VisualStudioVersion = 16.0.30002.166
MinimumVisualStudioVersion = 10.0.40219.1
Project("{9A19103F-16F7-4668-BE54-9A1E7A4F7556}") = "TodoApi", "TodoApi\TodoApi.csproj", "{32A9B3B5-AE35-43C7-9BBC-6420D51665CD}"
EndProject
Project("{9A19103F-16F7-4668-BE54-9A1E7A4F7556}") = "TodoBI", "TodoBI\TodoBI.csproj", "{D0C35A49-4C50-4155-9A4B-6DE65376FA41}"
EndProject
Project("{9A19103F-16F7-4668-BE54-9A1E7A4F7556}") = "TodoData", "TodoData\TodoData.csproj", "{A3F13A7C-6F40-4BA9-90D7-23AC0E6EB9BD}"
EndProject
Global
	GlobalSection(SolutionConfigurationPlatforms) = preSolution
		Debug|Any CPU = Debug|Any CPU
		Release|Any CPU = Release|Any CPU
	EndGlobalSection
	GlobalSection(ProjectConfigurationPlatforms) = postSolution
		{32A9B3B5-AE35-43C7-9BBC-6420D51665CD}.Debug|Any CPU.ActiveCfg = Debug|Any CPU
		{32A9B3B5-AE35-43C7-9BBC-6420D51665CD}.Debug|Any CPU.Build.0 = Debug|Any CPU
		{32A9B3B5-AE35-43C7-9BBC-6420D51665CD}.Release|Any CPU.ActiveCfg = Release|Any CPU
		{32A9B3B5-AE35-43C7-9BBC-6420D51665CD}.Release|Any CPU.Build.0 = Release|Any CPU
		{D0C35A49-4C50-4155-9A4B-6DE65376FA41}.Debug|Any CPU.ActiveCfg = Debug|Any CPU
		{D0C35A49-4C50-4155-9A4B-6DE65376FA41}.Debug|Any CPU.Build.0 = Debug|Any CPU
		{D0C35A49-4C50-4155-9A4B-6DE65376FA41}.Release|Any CPU.ActiveCfg = Release|Any CPU
		{D0C35A49-4C50-4155-9A4B-6DE65376FA41}.Release|Any CPU.Build.0 = Release|Any CPU
		{A3F13A7C-6F40-4BA9-90D7-23AC0E6EB9BD}.Debug|Any CPU.ActiveCfg = Debug|Any CPU
		{A3F13A7C-6F40-4BA9-90D7-23AC0E6EB9BD}.Debug|Any CPU.Build.0 = Debug|Any CPU
		{A3F13A7C-6F40-4BA9-90D7-23AC0E6EB9BD}.Release|Any CPU.ActiveCfg = Release|Any CPU
		{A3F13A7C-6F40-4BA9-90D7-23AC0E6EB9BD}.Release|Any CPU.Build.0 = Release|Any CPU
	EndGlobalSection
	GlobalSection(SolutionProperties) = preSolution
		HideSolutionNode = FALSE
	EndGlobalSection
	GlobalSection(ExtensibilityGlobals) = postSolution
		SolutionGuid = {60984BC9-01D1-4B40-9733-E459B1231F96}
	EndGlobalSection
EndGlobal
